// !$*UTF8*$!
{
	archiveVersion = 1;
	classes = {
	};
	objectVersion = 56;
	objects = {

/* Begin PBXBuildFile section */
		A83D7BF62A79425000F071E1 /* yuzuApp.swift in Sources */ = {isa = PBXBuildFile; fileRef = A83D7BF52A79425000F071E1 /* yuzuApp.swift */; };
		A83D7BFA2A79425200F071E1 /* Assets.xcassets in Resources */ = {isa = PBXBuildFile; fileRef = A83D7BF92A79425200F071E1 /* Assets.xcassets */; };
		A83D7BFD2A79425200F071E1 /* Preview Assets.xcassets in Resources */ = {isa = PBXBuildFile; fileRef = A83D7BFC2A79425200F071E1 /* Preview Assets.xcassets */; };
		A83D7C052A79F20400F071E1 /* TabBarView.swift in Sources */ = {isa = PBXBuildFile; fileRef = A83D7C042A79F20400F071E1 /* TabBarView.swift */; };
		A83D7C092A79F27000F071E1 /* HomeView.swift in Sources */ = {isa = PBXBuildFile; fileRef = A83D7C082A79F27000F071E1 /* HomeView.swift */; };
		A83D7C0C2A79F29E00F071E1 /* SearchView.swift in Sources */ = {isa = PBXBuildFile; fileRef = A83D7C0B2A79F29E00F071E1 /* SearchView.swift */; };
		A83D7C0F2A79F2B600F071E1 /* PostCreateView.swift in Sources */ = {isa = PBXBuildFile; fileRef = A83D7C0E2A79F2B600F071E1 /* PostCreateView.swift */; };
		A83D7C122A79F2C800F071E1 /* NotificationsView.swift in Sources */ = {isa = PBXBuildFile; fileRef = A83D7C112A79F2C800F071E1 /* NotificationsView.swift */; };
		A83D7C152A79F2EC00F071E1 /* ProfileView.swift in Sources */ = {isa = PBXBuildFile; fileRef = A83D7C142A79F2EC00F071E1 /* ProfileView.swift */; };
		A83D7C182A7BAFA800F071E1 /* HomeViewModel.swift in Sources */ = {isa = PBXBuildFile; fileRef = A83D7C172A7BAFA800F071E1 /* HomeViewModel.swift */; };
		A83D7C1B2A7BB0E500F071E1 /* AuthenticationService.swift in Sources */ = {isa = PBXBuildFile; fileRef = A83D7C1A2A7BB0E500F071E1 /* AuthenticationService.swift */; };
		A83D7C1F2A7BB7FB00F071E1 /* LoginView.swift in Sources */ = {isa = PBXBuildFile; fileRef = A83D7C1E2A7BB7FB00F071E1 /* LoginView.swift */; };
		A83D7C222A7BB8F100F071E1 /* SignupView.swift in Sources */ = {isa = PBXBuildFile; fileRef = A83D7C212A7BB8F100F071E1 /* SignupView.swift */; };
		A83D7C252A7BBA5000F071E1 /* LandingView.swift in Sources */ = {isa = PBXBuildFile; fileRef = A83D7C242A7BBA5000F071E1 /* LandingView.swift */; };
		A83D7C282A7BC03300F071E1 /* PasswordInputView.swift in Sources */ = {isa = PBXBuildFile; fileRef = A83D7C272A7BC03300F071E1 /* PasswordInputView.swift */; };
		A83D7C2A2A7BDAE300F071E1 /* ProfileViewModel.swift in Sources */ = {isa = PBXBuildFile; fileRef = A83D7C292A7BDAE300F071E1 /* ProfileViewModel.swift */; };
		A83D7C2E2A7D2F8700F071E1 /* ProfileFeedView.swift in Sources */ = {isa = PBXBuildFile; fileRef = A83D7C2D2A7D2F8700F071E1 /* ProfileFeedView.swift */; };
		A83D7C302A7D31ED00F071E1 /* ProfileInfoView.swift in Sources */ = {isa = PBXBuildFile; fileRef = A83D7C2F2A7D31ED00F071E1 /* ProfileInfoView.swift */; };
		A83D7C322A7D359B00F071E1 /* ProfileHeaderView.swift in Sources */ = {isa = PBXBuildFile; fileRef = A83D7C312A7D359B00F071E1 /* ProfileHeaderView.swift */; };
		A83D7C352A7D3F0200F071E1 /* TextFontView.swift in Sources */ = {isa = PBXBuildFile; fileRef = A83D7C342A7D3F0200F071E1 /* TextFontView.swift */; };
		A83D7C382A80B68300F071E1 /* PostRenderView.swift in Sources */ = {isa = PBXBuildFile; fileRef = A83D7C372A80B68300F071E1 /* PostRenderView.swift */; };
		A83D7C3A2A82541C00F071E1 /* HomeHeaderView.swift in Sources */ = {isa = PBXBuildFile; fileRef = A83D7C392A82541C00F071E1 /* HomeHeaderView.swift */; };
		A83D7C3C2A82545100F071E1 /* HomeFeedView.swift in Sources */ = {isa = PBXBuildFile; fileRef = A83D7C3B2A82545100F071E1 /* HomeFeedView.swift */; };
		A83D7C3E2A8265EE00F071E1 /* HomeHeaderViewModel.swift in Sources */ = {isa = PBXBuildFile; fileRef = A83D7C3D2A8265EE00F071E1 /* HomeHeaderViewModel.swift */; };
		A8E3E10D2A837E0B008C5E68 /* SwiftUIPullToRefresh in Frameworks */ = {isa = PBXBuildFile; productRef = A8E3E10C2A837E0B008C5E68 /* SwiftUIPullToRefresh */; };
		A8E71A602A89014B000A8E8C /* SidePanelView.swift in Sources */ = {isa = PBXBuildFile; fileRef = A8E71A5F2A89014B000A8E8C /* SidePanelView.swift */; };
/* End PBXBuildFile section */

/* Begin PBXFileReference section */
		A83D7BF22A79425000F071E1 /* yuzu.app */ = {isa = PBXFileReference; explicitFileType = wrapper.application; includeInIndex = 0; path = yuzu.app; sourceTree = BUILT_PRODUCTS_DIR; };
		A83D7BF52A79425000F071E1 /* yuzuApp.swift */ = {isa = PBXFileReference; lastKnownFileType = sourcecode.swift; path = yuzuApp.swift; sourceTree = "<group>"; };
		A83D7BF92A79425200F071E1 /* Assets.xcassets */ = {isa = PBXFileReference; lastKnownFileType = folder.assetcatalog; path = Assets.xcassets; sourceTree = "<group>"; };
		A83D7BFC2A79425200F071E1 /* Preview Assets.xcassets */ = {isa = PBXFileReference; lastKnownFileType = folder.assetcatalog; path = "Preview Assets.xcassets"; sourceTree = "<group>"; };
		A83D7C042A79F20400F071E1 /* TabBarView.swift */ = {isa = PBXFileReference; lastKnownFileType = sourcecode.swift; path = TabBarView.swift; sourceTree = "<group>"; };
		A83D7C082A79F27000F071E1 /* HomeView.swift */ = {isa = PBXFileReference; lastKnownFileType = sourcecode.swift; path = HomeView.swift; sourceTree = "<group>"; };
		A83D7C0B2A79F29E00F071E1 /* SearchView.swift */ = {isa = PBXFileReference; lastKnownFileType = sourcecode.swift; path = SearchView.swift; sourceTree = "<group>"; };
		A83D7C0E2A79F2B600F071E1 /* PostCreateView.swift */ = {isa = PBXFileReference; lastKnownFileType = sourcecode.swift; path = PostCreateView.swift; sourceTree = "<group>"; };
		A83D7C112A79F2C800F071E1 /* NotificationsView.swift */ = {isa = PBXFileReference; lastKnownFileType = sourcecode.swift; path = NotificationsView.swift; sourceTree = "<group>"; };
		A83D7C142A79F2EC00F071E1 /* ProfileView.swift */ = {isa = PBXFileReference; lastKnownFileType = sourcecode.swift; path = ProfileView.swift; sourceTree = "<group>"; };
		A83D7C172A7BAFA800F071E1 /* HomeViewModel.swift */ = {isa = PBXFileReference; lastKnownFileType = sourcecode.swift; path = HomeViewModel.swift; sourceTree = "<group>"; };
		A83D7C1A2A7BB0E500F071E1 /* AuthenticationService.swift */ = {isa = PBXFileReference; lastKnownFileType = sourcecode.swift; path = AuthenticationService.swift; sourceTree = "<group>"; };
		A83D7C1E2A7BB7FB00F071E1 /* LoginView.swift */ = {isa = PBXFileReference; lastKnownFileType = sourcecode.swift; path = LoginView.swift; sourceTree = "<group>"; };
		A83D7C212A7BB8F100F071E1 /* SignupView.swift */ = {isa = PBXFileReference; lastKnownFileType = sourcecode.swift; path = SignupView.swift; sourceTree = "<group>"; };
		A83D7C242A7BBA5000F071E1 /* LandingView.swift */ = {isa = PBXFileReference; lastKnownFileType = sourcecode.swift; path = LandingView.swift; sourceTree = "<group>"; };
		A83D7C272A7BC03300F071E1 /* PasswordInputView.swift */ = {isa = PBXFileReference; lastKnownFileType = sourcecode.swift; path = PasswordInputView.swift; sourceTree = "<group>"; };
		A83D7C292A7BDAE300F071E1 /* ProfileViewModel.swift */ = {isa = PBXFileReference; lastKnownFileType = sourcecode.swift; path = ProfileViewModel.swift; sourceTree = "<group>"; };
		A83D7C2D2A7D2F8700F071E1 /* ProfileFeedView.swift */ = {isa = PBXFileReference; lastKnownFileType = sourcecode.swift; path = ProfileFeedView.swift; sourceTree = "<group>"; };
		A83D7C2F2A7D31ED00F071E1 /* ProfileInfoView.swift */ = {isa = PBXFileReference; lastKnownFileType = sourcecode.swift; path = ProfileInfoView.swift; sourceTree = "<group>"; };
		A83D7C312A7D359B00F071E1 /* ProfileHeaderView.swift */ = {isa = PBXFileReference; lastKnownFileType = sourcecode.swift; path = ProfileHeaderView.swift; sourceTree = "<group>"; };
		A83D7C342A7D3F0200F071E1 /* TextFontView.swift */ = {isa = PBXFileReference; lastKnownFileType = sourcecode.swift; path = TextFontView.swift; sourceTree = "<group>"; };
		A83D7C372A80B68300F071E1 /* PostRenderView.swift */ = {isa = PBXFileReference; lastKnownFileType = sourcecode.swift; path = PostRenderView.swift; sourceTree = "<group>"; };
		A83D7C392A82541C00F071E1 /* HomeHeaderView.swift */ = {isa = PBXFileReference; lastKnownFileType = sourcecode.swift; path = HomeHeaderView.swift; sourceTree = "<group>"; };
		A83D7C3B2A82545100F071E1 /* HomeFeedView.swift */ = {isa = PBXFileReference; lastKnownFileType = sourcecode.swift; path = HomeFeedView.swift; sourceTree = "<group>"; };
		A83D7C3D2A8265EE00F071E1 /* HomeHeaderViewModel.swift */ = {isa = PBXFileReference; lastKnownFileType = sourcecode.swift; path = HomeHeaderViewModel.swift; sourceTree = "<group>"; };
		A8E71A5F2A89014B000A8E8C /* SidePanelView.swift */ = {isa = PBXFileReference; lastKnownFileType = sourcecode.swift; path = SidePanelView.swift; sourceTree = "<group>"; };
/* End PBXFileReference section */

/* Begin PBXFrameworksBuildPhase section */
		A83D7BEF2A79425000F071E1 /* Frameworks */ = {
			isa = PBXFrameworksBuildPhase;
			buildActionMask = 2147483647;
			files = (
				A8E3E10D2A837E0B008C5E68 /* SwiftUIPullToRefresh in Frameworks */,
			);
			runOnlyForDeploymentPostprocessing = 0;
		};
/* End PBXFrameworksBuildPhase section */

/* Begin PBXGroup section */
		A83D7BE92A79425000F071E1 = {
			isa = PBXGroup;
			children = (
				A83D7BF42A79425000F071E1 /* yuzu */,
				A83D7BF32A79425000F071E1 /* Products */,
			);
			sourceTree = "<group>";
		};
		A83D7BF32A79425000F071E1 /* Products */ = {
			isa = PBXGroup;
			children = (
				A83D7BF22A79425000F071E1 /* yuzu.app */,
			);
			name = Products;
			sourceTree = "<group>";
		};
		A83D7BF42A79425000F071E1 /* yuzu */ = {
			isa = PBXGroup;
			children = (
				A83D7C332A7D3EF000F071E1 /* Styling */,
				A83D7C192A7BB0BE00F071E1 /* Services */,
				A83D7C162A7BAF7C00F071E1 /* ViewModels */,
				A83D7C032A79F18400F071E1 /* Views */,
				A83D7BF52A79425000F071E1 /* yuzuApp.swift */,
				A83D7BF92A79425200F071E1 /* Assets.xcassets */,
				A83D7BFB2A79425200F071E1 /* Preview Content */,
			);
			path = yuzu;
			sourceTree = "<group>";
		};
		A83D7BFB2A79425200F071E1 /* Preview Content */ = {
			isa = PBXGroup;
			children = (
				A83D7BFC2A79425200F071E1 /* Preview Assets.xcassets */,
			);
			path = "Preview Content";
			sourceTree = "<group>";
		};
		A83D7C032A79F18400F071E1 /* Views */ = {
			isa = PBXGroup;
			children = (
				A8E71A5E2A890138000A8E8C /* HomeSidePanel */,
				A83D7C362A80B67000F071E1 /* PostRender */,
				A83D7C262A7BC02400F071E1 /* PasswordInput */,
				A83D7C232A7BBA4000F071E1 /* Landing */,
				A83D7C202A7BB8E200F071E1 /* Signup */,
				A83D7C1C2A7BB7E800F071E1 /* Login */,
				A83D7C132A79F2DB00F071E1 /* Profile */,
				A83D7C102A79F2BB00F071E1 /* Notifications */,
				A83D7C0D2A79F2AA00F071E1 /* PostCreate */,
				A83D7C0A2A79F29100F071E1 /* Search */,
				A83D7C072A79F26000F071E1 /* Home */,
				A83D7C062A79F24B00F071E1 /* TabBar */,
			);
			path = Views;
			sourceTree = "<group>";
		};
		A83D7C062A79F24B00F071E1 /* TabBar */ = {
			isa = PBXGroup;
			children = (
				A83D7C042A79F20400F071E1 /* TabBarView.swift */,
			);
			path = TabBar;
			sourceTree = "<group>";
		};
		A83D7C072A79F26000F071E1 /* Home */ = {
			isa = PBXGroup;
			children = (
				A83D7C082A79F27000F071E1 /* HomeView.swift */,
				A83D7C392A82541C00F071E1 /* HomeHeaderView.swift */,
				A83D7C3B2A82545100F071E1 /* HomeFeedView.swift */,
			);
			path = Home;
			sourceTree = "<group>";
		};
		A83D7C0A2A79F29100F071E1 /* Search */ = {
			isa = PBXGroup;
			children = (
				A83D7C0B2A79F29E00F071E1 /* SearchView.swift */,
			);
			path = Search;
			sourceTree = "<group>";
		};
		A83D7C0D2A79F2AA00F071E1 /* PostCreate */ = {
			isa = PBXGroup;
			children = (
				A83D7C0E2A79F2B600F071E1 /* PostCreateView.swift */,
			);
			path = PostCreate;
			sourceTree = "<group>";
		};
		A83D7C102A79F2BB00F071E1 /* Notifications */ = {
			isa = PBXGroup;
			children = (
				A83D7C112A79F2C800F071E1 /* NotificationsView.swift */,
			);
			path = Notifications;
			sourceTree = "<group>";
		};
		A83D7C132A79F2DB00F071E1 /* Profile */ = {
			isa = PBXGroup;
			children = (
				A83D7C142A79F2EC00F071E1 /* ProfileView.swift */,
				A83D7C2D2A7D2F8700F071E1 /* ProfileFeedView.swift */,
				A83D7C2F2A7D31ED00F071E1 /* ProfileInfoView.swift */,
				A83D7C312A7D359B00F071E1 /* ProfileHeaderView.swift */,
			);
			path = Profile;
			sourceTree = "<group>";
		};
		A83D7C162A7BAF7C00F071E1 /* ViewModels */ = {
			isa = PBXGroup;
			children = (
				A83D7C172A7BAFA800F071E1 /* HomeViewModel.swift */,
				A83D7C292A7BDAE300F071E1 /* ProfileViewModel.swift */,
				A83D7C3D2A8265EE00F071E1 /* HomeHeaderViewModel.swift */,
			);
			path = ViewModels;
			sourceTree = "<group>";
		};
		A83D7C192A7BB0BE00F071E1 /* Services */ = {
			isa = PBXGroup;
			children = (
				A83D7C1A2A7BB0E500F071E1 /* AuthenticationService.swift */,
			);
			path = Services;
			sourceTree = "<group>";
		};
		A83D7C1C2A7BB7E800F071E1 /* Login */ = {
			isa = PBXGroup;
			children = (
				A83D7C1E2A7BB7FB00F071E1 /* LoginView.swift */,
			);
			path = Login;
			sourceTree = "<group>";
		};
		A83D7C202A7BB8E200F071E1 /* Signup */ = {
			isa = PBXGroup;
			children = (
				A83D7C212A7BB8F100F071E1 /* SignupView.swift */,
			);
			path = Signup;
			sourceTree = "<group>";
		};
		A83D7C232A7BBA4000F071E1 /* Landing */ = {
			isa = PBXGroup;
			children = (
				A83D7C242A7BBA5000F071E1 /* LandingView.swift */,
			);
			path = Landing;
			sourceTree = "<group>";
		};
		A83D7C262A7BC02400F071E1 /* PasswordInput */ = {
			isa = PBXGroup;
			children = (
				A83D7C272A7BC03300F071E1 /* PasswordInputView.swift */,
			);
			path = PasswordInput;
			sourceTree = "<group>";
		};
		A83D7C332A7D3EF000F071E1 /* Styling */ = {
			isa = PBXGroup;
			children = (
				A83D7C342A7D3F0200F071E1 /* TextFontView.swift */,
			);
			path = Styling;
			sourceTree = "<group>";
		};
		A83D7C362A80B67000F071E1 /* PostRender */ = {
			isa = PBXGroup;
			children = (
				A83D7C372A80B68300F071E1 /* PostRenderView.swift */,
			);
			path = PostRender;
			sourceTree = "<group>";
		};
		A8E71A5E2A890138000A8E8C /* HomeSidePanel */ = {
			isa = PBXGroup;
			children = (
				A8E71A5F2A89014B000A8E8C /* SidePanelView.swift */,
			);
			path = HomeSidePanel;
			sourceTree = "<group>";
		};
/* End PBXGroup section */

/* Begin PBXNativeTarget section */
		A83D7BF12A79425000F071E1 /* yuzu */ = {
			isa = PBXNativeTarget;
			buildConfigurationList = A83D7C002A79425200F071E1 /* Build configuration list for PBXNativeTarget "yuzu" */;
			buildPhases = (
				A83D7BEE2A79425000F071E1 /* Sources */,
				A83D7BEF2A79425000F071E1 /* Frameworks */,
				A83D7BF02A79425000F071E1 /* Resources */,
			);
			buildRules = (
			);
			dependencies = (
			);
			name = yuzu;
			packageProductDependencies = (
				A8E3E10C2A837E0B008C5E68 /* SwiftUIPullToRefresh */,
			);
			productName = yuzu;
			productReference = A83D7BF22A79425000F071E1 /* yuzu.app */;
			productType = "com.apple.product-type.application";
		};
/* End PBXNativeTarget section */

/* Begin PBXProject section */
		A83D7BEA2A79425000F071E1 /* Project object */ = {
			isa = PBXProject;
			attributes = {
				BuildIndependentTargetsInParallel = 1;
				LastSwiftUpdateCheck = 1430;
				LastUpgradeCheck = 1430;
				TargetAttributes = {
					A83D7BF12A79425000F071E1 = {
						CreatedOnToolsVersion = 14.3.1;
					};
				};
			};
			buildConfigurationList = A83D7BED2A79425000F071E1 /* Build configuration list for PBXProject "yuzu" */;
			compatibilityVersion = "Xcode 14.0";
			developmentRegion = en;
			hasScannedForEncodings = 0;
			knownRegions = (
				en,
				Base,
			);
			mainGroup = A83D7BE92A79425000F071E1;
			packageReferences = (
				A8E3E10B2A837E0B008C5E68 /* XCRemoteSwiftPackageReference "swiftui-pull-to-refresh" */,
			);
			productRefGroup = A83D7BF32A79425000F071E1 /* Products */;
			projectDirPath = "";
			projectRoot = "";
			targets = (
				A83D7BF12A79425000F071E1 /* yuzu */,
			);
		};
/* End PBXProject section */

/* Begin PBXResourcesBuildPhase section */
		A83D7BF02A79425000F071E1 /* Resources */ = {
			isa = PBXResourcesBuildPhase;
			buildActionMask = 2147483647;
			files = (
				A83D7BFD2A79425200F071E1 /* Preview Assets.xcassets in Resources */,
				A83D7BFA2A79425200F071E1 /* Assets.xcassets in Resources */,
			);
			runOnlyForDeploymentPostprocessing = 0;
		};
/* End PBXResourcesBuildPhase section */

/* Begin PBXSourcesBuildPhase section */
		A83D7BEE2A79425000F071E1 /* Sources */ = {
			isa = PBXSourcesBuildPhase;
			buildActionMask = 2147483647;
			files = (
				A83D7C252A7BBA5000F071E1 /* LandingView.swift in Sources */,
				A83D7C382A80B68300F071E1 /* PostRenderView.swift in Sources */,
				A83D7C3C2A82545100F071E1 /* HomeFeedView.swift in Sources */,
				A83D7C152A79F2EC00F071E1 /* ProfileView.swift in Sources */,
				A83D7C3E2A8265EE00F071E1 /* HomeHeaderViewModel.swift in Sources */,
				A83D7C352A7D3F0200F071E1 /* TextFontView.swift in Sources */,
				A83D7C0C2A79F29E00F071E1 /* SearchView.swift in Sources */,
				A83D7C0F2A79F2B600F071E1 /* PostCreateView.swift in Sources */,
				A83D7C322A7D359B00F071E1 /* ProfileHeaderView.swift in Sources */,
				A83D7C1B2A7BB0E500F071E1 /* AuthenticationService.swift in Sources */,
				A8E71A602A89014B000A8E8C /* SidePanelView.swift in Sources */,
				A83D7C2E2A7D2F8700F071E1 /* ProfileFeedView.swift in Sources */,
				A83D7C182A7BAFA800F071E1 /* HomeViewModel.swift in Sources */,
				A83D7C2A2A7BDAE300F071E1 /* ProfileViewModel.swift in Sources */,
				A83D7C302A7D31ED00F071E1 /* ProfileInfoView.swift in Sources */,
				A83D7C092A79F27000F071E1 /* HomeView.swift in Sources */,
				A83D7C282A7BC03300F071E1 /* PasswordInputView.swift in Sources */,
				A83D7C052A79F20400F071E1 /* TabBarView.swift in Sources */,
				A83D7BF62A79425000F071E1 /* yuzuApp.swift in Sources */,
				A83D7C3A2A82541C00F071E1 /* HomeHeaderView.swift in Sources */,
				A83D7C1F2A7BB7FB00F071E1 /* LoginView.swift in Sources */,
				A83D7C222A7BB8F100F071E1 /* SignupView.swift in Sources */,
				A83D7C122A79F2C800F071E1 /* NotificationsView.swift in Sources */,
			);
			runOnlyForDeploymentPostprocessing = 0;
		};
/* End PBXSourcesBuildPhase section */

/* Begin XCBuildConfiguration section */
		A83D7BFE2A79425200F071E1 /* Debug */ = {
			isa = XCBuildConfiguration;
			buildSettings = {
				ALWAYS_SEARCH_USER_PATHS = NO;
				CLANG_ANALYZER_NONNULL = YES;
				CLANG_ANALYZER_NUMBER_OBJECT_CONVERSION = YES_AGGRESSIVE;
				CLANG_CXX_LANGUAGE_STANDARD = "gnu++20";
				CLANG_ENABLE_MODULES = YES;
				CLANG_ENABLE_OBJC_ARC = YES;
				CLANG_ENABLE_OBJC_WEAK = YES;
				CLANG_WARN_BLOCK_CAPTURE_AUTORELEASING = YES;
				CLANG_WARN_BOOL_CONVERSION = YES;
				CLANG_WARN_COMMA = YES;
				CLANG_WARN_CONSTANT_CONVERSION = YES;
				CLANG_WARN_DEPRECATED_OBJC_IMPLEMENTATIONS = YES;
				CLANG_WARN_DIRECT_OBJC_ISA_USAGE = YES_ERROR;
				CLANG_WARN_DOCUMENTATION_COMMENTS = YES;
				CLANG_WARN_EMPTY_BODY = YES;
				CLANG_WARN_ENUM_CONVERSION = YES;
				CLANG_WARN_INFINITE_RECURSION = YES;
				CLANG_WARN_INT_CONVERSION = YES;
				CLANG_WARN_NON_LITERAL_NULL_CONVERSION = YES;
				CLANG_WARN_OBJC_IMPLICIT_RETAIN_SELF = YES;
				CLANG_WARN_OBJC_LITERAL_CONVERSION = YES;
				CLANG_WARN_OBJC_ROOT_CLASS = YES_ERROR;
				CLANG_WARN_QUOTED_INCLUDE_IN_FRAMEWORK_HEADER = YES;
				CLANG_WARN_RANGE_LOOP_ANALYSIS = YES;
				CLANG_WARN_STRICT_PROTOTYPES = YES;
				CLANG_WARN_SUSPICIOUS_MOVE = YES;
				CLANG_WARN_UNGUARDED_AVAILABILITY = YES_AGGRESSIVE;
				CLANG_WARN_UNREACHABLE_CODE = YES;
				CLANG_WARN__DUPLICATE_METHOD_MATCH = YES;
				COPY_PHASE_STRIP = NO;
				DEBUG_INFORMATION_FORMAT = dwarf;
				ENABLE_STRICT_OBJC_MSGSEND = YES;
				ENABLE_TESTABILITY = YES;
				GCC_C_LANGUAGE_STANDARD = gnu11;
				GCC_DYNAMIC_NO_PIC = NO;
				GCC_NO_COMMON_BLOCKS = YES;
				GCC_OPTIMIZATION_LEVEL = 0;
				GCC_PREPROCESSOR_DEFINITIONS = (
					"DEBUG=1",
					"$(inherited)",
				);
				GCC_WARN_64_TO_32_BIT_CONVERSION = YES;
				GCC_WARN_ABOUT_RETURN_TYPE = YES_ERROR;
				GCC_WARN_UNDECLARED_SELECTOR = YES;
				GCC_WARN_UNINITIALIZED_AUTOS = YES_AGGRESSIVE;
				GCC_WARN_UNUSED_FUNCTION = YES;
				GCC_WARN_UNUSED_VARIABLE = YES;
				IPHONEOS_DEPLOYMENT_TARGET = 16.4;
				MTL_ENABLE_DEBUG_INFO = INCLUDE_SOURCE;
				MTL_FAST_MATH = YES;
				ONLY_ACTIVE_ARCH = YES;
				SDKROOT = iphoneos;
				SWIFT_ACTIVE_COMPILATION_CONDITIONS = DEBUG;
				SWIFT_OPTIMIZATION_LEVEL = "-Onone";
			};
			name = Debug;
		};
		A83D7BFF2A79425200F071E1 /* Release */ = {
			isa = XCBuildConfiguration;
			buildSettings = {
				ALWAYS_SEARCH_USER_PATHS = NO;
				CLANG_ANALYZER_NONNULL = YES;
				CLANG_ANALYZER_NUMBER_OBJECT_CONVERSION = YES_AGGRESSIVE;
				CLANG_CXX_LANGUAGE_STANDARD = "gnu++20";
				CLANG_ENABLE_MODULES = YES;
				CLANG_ENABLE_OBJC_ARC = YES;
				CLANG_ENABLE_OBJC_WEAK = YES;
				CLANG_WARN_BLOCK_CAPTURE_AUTORELEASING = YES;
				CLANG_WARN_BOOL_CONVERSION = YES;
				CLANG_WARN_COMMA = YES;
				CLANG_WARN_CONSTANT_CONVERSION = YES;
				CLANG_WARN_DEPRECATED_OBJC_IMPLEMENTATIONS = YES;
				CLANG_WARN_DIRECT_OBJC_ISA_USAGE = YES_ERROR;
				CLANG_WARN_DOCUMENTATION_COMMENTS = YES;
				CLANG_WARN_EMPTY_BODY = YES;
				CLANG_WARN_ENUM_CONVERSION = YES;
				CLANG_WARN_INFINITE_RECURSION = YES;
				CLANG_WARN_INT_CONVERSION = YES;
				CLANG_WARN_NON_LITERAL_NULL_CONVERSION = YES;
				CLANG_WARN_OBJC_IMPLICIT_RETAIN_SELF = YES;
				CLANG_WARN_OBJC_LITERAL_CONVERSION = YES;
				CLANG_WARN_OBJC_ROOT_CLASS = YES_ERROR;
				CLANG_WARN_QUOTED_INCLUDE_IN_FRAMEWORK_HEADER = YES;
				CLANG_WARN_RANGE_LOOP_ANALYSIS = YES;
				CLANG_WARN_STRICT_PROTOTYPES = YES;
				CLANG_WARN_SUSPICIOUS_MOVE = YES;
				CLANG_WARN_UNGUARDED_AVAILABILITY = YES_AGGRESSIVE;
				CLANG_WARN_UNREACHABLE_CODE = YES;
				CLANG_WARN__DUPLICATE_METHOD_MATCH = YES;
				COPY_PHASE_STRIP = NO;
				DEBUG_INFORMATION_FORMAT = "dwarf-with-dsym";
				ENABLE_NS_ASSERTIONS = NO;
				ENABLE_STRICT_OBJC_MSGSEND = YES;
				GCC_C_LANGUAGE_STANDARD = gnu11;
				GCC_NO_COMMON_BLOCKS = YES;
				GCC_WARN_64_TO_32_BIT_CONVERSION = YES;
				GCC_WARN_ABOUT_RETURN_TYPE = YES_ERROR;
				GCC_WARN_UNDECLARED_SELECTOR = YES;
				GCC_WARN_UNINITIALIZED_AUTOS = YES_AGGRESSIVE;
				GCC_WARN_UNUSED_FUNCTION = YES;
				GCC_WARN_UNUSED_VARIABLE = YES;
				IPHONEOS_DEPLOYMENT_TARGET = 16.4;
				MTL_ENABLE_DEBUG_INFO = NO;
				MTL_FAST_MATH = YES;
				SDKROOT = iphoneos;
				SWIFT_COMPILATION_MODE = wholemodule;
				SWIFT_OPTIMIZATION_LEVEL = "-O";
				VALIDATE_PRODUCT = YES;
			};
			name = Release;
		};
		A83D7C012A79425200F071E1 /* Debug */ = {
			isa = XCBuildConfiguration;
			buildSettings = {
				ASSETCATALOG_COMPILER_APPICON_NAME = AppIcon;
				ASSETCATALOG_COMPILER_GLOBAL_ACCENT_COLOR_NAME = AccentColor;
				CODE_SIGN_STYLE = Automatic;
				CURRENT_PROJECT_VERSION = 1;
				DEVELOPMENT_ASSET_PATHS = "\"yuzu/Preview Content\"";
				DEVELOPMENT_TEAM = F2MWC3D9BS;
				ENABLE_PREVIEWS = YES;
				GENERATE_INFOPLIST_FILE = YES;
				INFOPLIST_KEY_LSApplicationCategoryType = "public.app-category.social-networking";
				INFOPLIST_KEY_UIApplicationSceneManifest_Generation = YES;
				INFOPLIST_KEY_UIApplicationSupportsIndirectInputEvents = YES;
				INFOPLIST_KEY_UILaunchScreen_Generation = YES;
				INFOPLIST_KEY_UISupportedInterfaceOrientations_iPad = "UIInterfaceOrientationPortrait UIInterfaceOrientationPortraitUpsideDown UIInterfaceOrientationLandscapeLeft UIInterfaceOrientationLandscapeRight";
				INFOPLIST_KEY_UISupportedInterfaceOrientations_iPhone = "UIInterfaceOrientationPortrait UIInterfaceOrientationLandscapeLeft UIInterfaceOrientationLandscapeRight";
				LD_RUNPATH_SEARCH_PATHS = (
					"$(inherited)",
					"@executable_path/Frameworks",
				);
				MARKETING_VERSION = 1.0;
				PRODUCT_BUNDLE_IDENTIFIER = com.agrumi.yuzu;
				PRODUCT_NAME = "$(TARGET_NAME)";
				SWIFT_EMIT_LOC_STRINGS = YES;
				SWIFT_VERSION = 5.0;
				TARGETED_DEVICE_FAMILY = "1,2";
			};
			name = Debug;
		};
		A83D7C022A79425200F071E1 /* Release */ = {
			isa = XCBuildConfiguration;
			buildSettings = {
				ASSETCATALOG_COMPILER_APPICON_NAME = AppIcon;
				ASSETCATALOG_COMPILER_GLOBAL_ACCENT_COLOR_NAME = AccentColor;
				CODE_SIGN_STYLE = Automatic;
				CURRENT_PROJECT_VERSION = 1;
				DEVELOPMENT_ASSET_PATHS = "\"yuzu/Preview Content\"";
				DEVELOPMENT_TEAM = F2MWC3D9BS;
				ENABLE_PREVIEWS = YES;
				GENERATE_INFOPLIST_FILE = YES;
				INFOPLIST_KEY_LSApplicationCategoryType = "public.app-category.social-networking";
				INFOPLIST_KEY_UIApplicationSceneManifest_Generation = YES;
				INFOPLIST_KEY_UIApplicationSupportsIndirectInputEvents = YES;
				INFOPLIST_KEY_UILaunchScreen_Generation = YES;
				INFOPLIST_KEY_UISupportedInterfaceOrientations_iPad = "UIInterfaceOrientationPortrait UIInterfaceOrientationPortraitUpsideDown UIInterfaceOrientationLandscapeLeft UIInterfaceOrientationLandscapeRight";
				INFOPLIST_KEY_UISupportedInterfaceOrientations_iPhone = "UIInterfaceOrientationPortrait UIInterfaceOrientationLandscapeLeft UIInterfaceOrientationLandscapeRight";
				LD_RUNPATH_SEARCH_PATHS = (
					"$(inherited)",
					"@executable_path/Frameworks",
				);
				MARKETING_VERSION = 1.0;
				PRODUCT_BUNDLE_IDENTIFIER = com.agrumi.yuzu;
				PRODUCT_NAME = "$(TARGET_NAME)";
				SWIFT_EMIT_LOC_STRINGS = YES;
				SWIFT_VERSION = 5.0;
				TARGETED_DEVICE_FAMILY = "1,2";
			};
			name = Release;
		};
/* End XCBuildConfiguration section */

/* Begin XCConfigurationList section */
		A83D7BED2A79425000F071E1 /* Build configuration list for PBXProject "yuzu" */ = {
			isa = XCConfigurationList;
			buildConfigurations = (
				A83D7BFE2A79425200F071E1 /* Debug */,
				A83D7BFF2A79425200F071E1 /* Release */,
			);
			defaultConfigurationIsVisible = 0;
			defaultConfigurationName = Release;
		};
		A83D7C002A79425200F071E1 /* Build configuration list for PBXNativeTarget "yuzu" */ = {
			isa = XCConfigurationList;
			buildConfigurations = (
				A83D7C012A79425200F071E1 /* Debug */,
				A83D7C022A79425200F071E1 /* Release */,
			);
			defaultConfigurationIsVisible = 0;
			defaultConfigurationName = Release;
		};
/* End XCConfigurationList section */

/* Begin XCRemoteSwiftPackageReference section */
		A8E3E10B2A837E0B008C5E68 /* XCRemoteSwiftPackageReference "swiftui-pull-to-refresh" */ = {
			isa = XCRemoteSwiftPackageReference;
			repositoryURL = "https://github.com/globulus/swiftui-pull-to-refresh";
			requirement = {
				kind = upToNextMajorVersion;
				minimumVersion = 1.0.0;
			};
		};
/* End XCRemoteSwiftPackageReference section */

/* Begin XCSwiftPackageProductDependency section */
		A8E3E10C2A837E0B008C5E68 /* SwiftUIPullToRefresh */ = {
			isa = XCSwiftPackageProductDependency;
			package = A8E3E10B2A837E0B008C5E68 /* XCRemoteSwiftPackageReference "swiftui-pull-to-refresh" */;
			productName = SwiftUIPullToRefresh;
		};
/* End XCSwiftPackageProductDependency section */
	};
	rootObject = A83D7BEA2A79425000F071E1 /* Project object */;
}
